{
  "name": "release-changelog-builder-action-test",
  "version": "0.0.1",
  "lockfileVersion": 3,
  "requires": true,
  "packages": {
    "": {
      "name": "release-changelog-builder-action-test",
      "version": "0.0.1",
      "license": "MIT",
      "workspaces": [
        "apps/package-a",
        "apps/package-b",
        "apps/package-c"
      ]
    },
    "apps/package-a": {
      "version": "0.0.2",
      "license": "MIT"
    },
    "apps/package-b": {
      "version": "0.0.1",
      "license": "MIT"
    },
    "apps/package-c": {
      "version": "0.0.1",
      "license": "MIT"
    },
    "node_modules/package-a": {
      "resolved": "apps/package-a",
      "link": true
    },
    "node_modules/package-b": {
      "resolved": "apps/package-b",
      "link": true
    },
    "node_modules/package-c": {
      "resolved": "apps/package-c",
      "link": true
    }
  }
}
